
Microsoft Visual Studio Solution File, Format Version 12.00
# Visual Studio Version 16
VisualStudioVersion = 16.0.31624.102
MinimumVisualStudioVersion = 10.0.40219.1
Project("{FAE04EC0-301F-11D3-BF4B-00C04F79EFBC}") = "Queue", "Queue\Queue.csproj", "{8506451A-B3F8-403C-BCC1-265490620F2A}"
EndProject
Global
	GlobalSection(SolutionConfigurationPlatforms) = preSolution
		Debug|Any CPU = Debug|Any CPU
		Release|Any CPU = Release|Any CPU
	EndGlobalSection
	GlobalSection(ProjectConfigurationPlatforms) = postSolution
		{8506451A-B3F8-403C-BCC1-265490620F2A}.Debug|Any CPU.ActiveCfg = Debug|Any CPU
		{8506451A-B3F8-403C-BCC1-265490620F2A}.Debug|Any CPU.Build.0 = Debug|Any CPU
		{8506451A-B3F8-403C-BCC1-265490620F2A}.Release|Any CPU.ActiveCfg = Release|Any CPU
		{8506451A-B3F8-403C-BCC1-265490620F2A}.Release|Any CPU.Build.0 = Release|Any CPU
	EndGlobalSection
	GlobalSection(SolutionProperties) = preSolution
		HideSolutionNode = FALSE
	EndGlobalSection
	GlobalSection(ExtensibilityGlobals) = postSolution
		SolutionGuid = {E75E855D-9BCD-42DC-A2F0-EBFDF020C0FA}
	EndGlobalSection
EndGlobal
