
Microsoft Visual Studio Solution File, Format Version 12.00
# Visual Studio Version 16
VisualStudioVersion = 16.0.31624.102
MinimumVisualStudioVersion = 10.0.40219.1
Project("{FAE04EC0-301F-11D3-BF4B-00C04F79EFBC}") = "LinkedLists", "LinkedLists\LinkedLists.csproj", "{323E1387-7CAF-4E8E-8321-4BDE4FB81E0A}"
EndProject
Global
	GlobalSection(SolutionConfigurationPlatforms) = preSolution
		Debug|Any CPU = Debug|Any CPU
		Release|Any CPU = Release|Any CPU
	EndGlobalSection
	GlobalSection(ProjectConfigurationPlatforms) = postSolution
		{323E1387-7CAF-4E8E-8321-4BDE4FB81E0A}.Debug|Any CPU.ActiveCfg = Debug|Any CPU
		{323E1387-7CAF-4E8E-8321-4BDE4FB81E0A}.Debug|Any CPU.Build.0 = Debug|Any CPU
		{323E1387-7CAF-4E8E-8321-4BDE4FB81E0A}.Release|Any CPU.ActiveCfg = Release|Any CPU
		{323E1387-7CAF-4E8E-8321-4BDE4FB81E0A}.Release|Any CPU.Build.0 = Release|Any CPU
	EndGlobalSection
	GlobalSection(SolutionProperties) = preSolution
		HideSolutionNode = FALSE
	EndGlobalSection
	GlobalSection(ExtensibilityGlobals) = postSolution
		SolutionGuid = {7E2FD08D-D8C6-472B-932D-0D1809000750}
	EndGlobalSection
EndGlobal
